
Microsoft Visual Studio Solution File, Format Version 12.00
# Visual Studio 2012
# SharpDevelop 5.1
VisualStudioVersion = 16.0.36227.6
MinimumVisualStudioVersion = 10.0.40219.1
Project("{FAE04EC0-301F-11D3-BF4B-00C04F79EFBC}") = "antrian_loket", "antrian_loket.csproj", "{22FD1D5F-16B0-4B36-B378-D1614067C56D}"
EndProject
Project("{2150E333-8FDC-42A3-9474-1A3956D46DE8}") = "Solution Items", "Solution Items", "{CFAF0198-A16E-4297-995E-1C2ACAB7FAC6}"
	ProjectSection(SolutionItems) = preProject
		.editorconfig = .editorconfig
	EndProjectSection
EndProject
Global
	GlobalSection(SolutionConfigurationPlatforms) = preSolution
		Debug|Any CPU = Debug|Any CPU
		Release|Any CPU = Release|Any CPU
	EndGlobalSection
	GlobalSection(ProjectConfigurationPlatforms) = postSolution
		{22FD1D5F-16B0-4B36-B378-D1614067C56D}.Debug|Any CPU.ActiveCfg = Debug|Any CPU
		{22FD1D5F-16B0-4B36-B378-D1614067C56D}.Debug|Any CPU.Build.0 = Debug|Any CPU
		{22FD1D5F-16B0-4B36-B378-D1614067C56D}.Release|Any CPU.ActiveCfg = Release|Any CPU
		{22FD1D5F-16B0-4B36-B378-D1614067C56D}.Release|Any CPU.Build.0 = Release|Any CPU
	EndGlobalSection
	GlobalSection(SolutionProperties) = preSolution
		HideSolutionNode = FALSE
	EndGlobalSection
	GlobalSection(ExtensibilityGlobals) = postSolution
		SolutionGuid = {E23AC037-226E-4E97-893A-7833BF7E0674}
	EndGlobalSection
EndGlobal
